
Microsoft Visual Studio Solution File, Format Version 12.00
# Visual Studio Version 17
VisualStudioVersion = 17.10.35122.118
MinimumVisualStudioVersion = 10.0.40219.1
Project("{8BC9CEB8-8B4A-11D0-8D11-00A0C91BC942}") = "Tannebaum", "Tannebaum\Tannebaum.vcxproj", "{5E77CC94-9627-4915-9C7C-E9B409DF5C9F}"
EndProject
Global
	GlobalSection(SolutionConfigurationPlatforms) = preSolution
		Debug|x64 = Debug|x64
		Debug|x86 = Debug|x86
		Release|x64 = Release|x64
		Release|x86 = Release|x86
	EndGlobalSection
	GlobalSection(ProjectConfigurationPlatforms) = postSolution
		{5E77CC94-9627-4915-9C7C-E9B409DF5C9F}.Debug|x64.ActiveCfg = Debug|x64
		{5E77CC94-9627-4915-9C7C-E9B409DF5C9F}.Debug|x64.Build.0 = Debug|x64
		{5E77CC94-9627-4915-9C7C-E9B409DF5C9F}.Debug|x86.ActiveCfg = Debug|Win32
		{5E77CC94-9627-4915-9C7C-E9B409DF5C9F}.Debug|x86.Build.0 = Debug|Win32
		{5E77CC94-9627-4915-9C7C-E9B409DF5C9F}.Release|x64.ActiveCfg = Release|x64
		{5E77CC94-9627-4915-9C7C-E9B409DF5C9F}.Release|x64.Build.0 = Release|x64
		{5E77CC94-9627-4915-9C7C-E9B409DF5C9F}.Release|x86.ActiveCfg = Release|Win32
		{5E77CC94-9627-4915-9C7C-E9B409DF5C9F}.Release|x86.Build.0 = Release|Win32
	EndGlobalSection
	GlobalSection(SolutionProperties) = preSolution
		HideSolutionNode = FALSE
	EndGlobalSection
	GlobalSection(ExtensibilityGlobals) = postSolution
		SolutionGuid = {6F4DE917-71CE-4185-A00B-B97173399F48}
	EndGlobalSection
EndGlobal
