
Microsoft Visual Studio Solution File, Format Version 12.00
# Visual Studio Version 17
VisualStudioVersion = 17.10.35122.118
MinimumVisualStudioVersion = 10.0.40219.1
Project("{8BC9CEB8-8B4A-11D0-8D11-00A0C91BC942}") = "Übung mit Bier", "Übung mit Bier\Übung mit Bier.vcxproj", "{B8A7A0C3-8C4C-43EB-BEE5-C6A4557AF15B}"
EndProject
Global
	GlobalSection(SolutionConfigurationPlatforms) = preSolution
		Debug|x64 = Debug|x64
		Debug|x86 = Debug|x86
		Release|x64 = Release|x64
		Release|x86 = Release|x86
	EndGlobalSection
	GlobalSection(ProjectConfigurationPlatforms) = postSolution
		{B8A7A0C3-8C4C-43EB-BEE5-C6A4557AF15B}.Debug|x64.ActiveCfg = Debug|x64
		{B8A7A0C3-8C4C-43EB-BEE5-C6A4557AF15B}.Debug|x64.Build.0 = Debug|x64
		{B8A7A0C3-8C4C-43EB-BEE5-C6A4557AF15B}.Debug|x86.ActiveCfg = Debug|Win32
		{B8A7A0C3-8C4C-43EB-BEE5-C6A4557AF15B}.Debug|x86.Build.0 = Debug|Win32
		{B8A7A0C3-8C4C-43EB-BEE5-C6A4557AF15B}.Release|x64.ActiveCfg = Release|x64
		{B8A7A0C3-8C4C-43EB-BEE5-C6A4557AF15B}.Release|x64.Build.0 = Release|x64
		{B8A7A0C3-8C4C-43EB-BEE5-C6A4557AF15B}.Release|x86.ActiveCfg = Release|Win32
		{B8A7A0C3-8C4C-43EB-BEE5-C6A4557AF15B}.Release|x86.Build.0 = Release|Win32
	EndGlobalSection
	GlobalSection(SolutionProperties) = preSolution
		HideSolutionNode = FALSE
	EndGlobalSection
	GlobalSection(ExtensibilityGlobals) = postSolution
		SolutionGuid = {E526FC66-61DA-453A-8CFA-452CC2ADBB0D}
	EndGlobalSection
EndGlobal
