
Microsoft Visual Studio Solution File, Format Version 12.00
# Visual Studio Version 17
VisualStudioVersion = 17.10.35122.118
MinimumVisualStudioVersion = 10.0.40219.1
Project("{8BC9CEB8-8B4A-11D0-8D11-00A0C91BC942}") = "Wihnachtsbaum", "Wihnachtsbaum\Wihnachtsbaum.vcxproj", "{E0210A74-EF9C-4FA9-AF0F-81C1A38706CE}"
EndProject
Global
	GlobalSection(SolutionConfigurationPlatforms) = preSolution
		Debug|x64 = Debug|x64
		Debug|x86 = Debug|x86
		Release|x64 = Release|x64
		Release|x86 = Release|x86
	EndGlobalSection
	GlobalSection(ProjectConfigurationPlatforms) = postSolution
		{E0210A74-EF9C-4FA9-AF0F-81C1A38706CE}.Debug|x64.ActiveCfg = Debug|x64
		{E0210A74-EF9C-4FA9-AF0F-81C1A38706CE}.Debug|x64.Build.0 = Debug|x64
		{E0210A74-EF9C-4FA9-AF0F-81C1A38706CE}.Debug|x86.ActiveCfg = Debug|Win32
		{E0210A74-EF9C-4FA9-AF0F-81C1A38706CE}.Debug|x86.Build.0 = Debug|Win32
		{E0210A74-EF9C-4FA9-AF0F-81C1A38706CE}.Release|x64.ActiveCfg = Release|x64
		{E0210A74-EF9C-4FA9-AF0F-81C1A38706CE}.Release|x64.Build.0 = Release|x64
		{E0210A74-EF9C-4FA9-AF0F-81C1A38706CE}.Release|x86.ActiveCfg = Release|Win32
		{E0210A74-EF9C-4FA9-AF0F-81C1A38706CE}.Release|x86.Build.0 = Release|Win32
	EndGlobalSection
	GlobalSection(SolutionProperties) = preSolution
		HideSolutionNode = FALSE
	EndGlobalSection
	GlobalSection(ExtensibilityGlobals) = postSolution
		SolutionGuid = {BD03A22C-4F9B-4270-8A82-8E96E1A81DE8}
	EndGlobalSection
EndGlobal
